
Microsoft Visual Studio Solution File, Format Version 12.00
# Visual Studio Version 16
VisualStudioVersion = 16.0.30804.86
MinimumVisualStudioVersion = 10.0.40219.1
Project("{FAE04EC0-301F-11D3-BF4B-00C04F79EFBC}") = "HesapMakinesiii", "HesapMakinesiii\HesapMakinesiii.csproj", "{72266339-4836-4FBF-91F6-5DD90B559AEB}"
EndProject
Global
	GlobalSection(SolutionConfigurationPlatforms) = preSolution
		Debug|Any CPU = Debug|Any CPU
		Release|Any CPU = Release|Any CPU
	EndGlobalSection
	GlobalSection(ProjectConfigurationPlatforms) = postSolution
		{72266339-4836-4FBF-91F6-5DD90B559AEB}.Debug|Any CPU.ActiveCfg = Debug|Any CPU
		{72266339-4836-4FBF-91F6-5DD90B559AEB}.Debug|Any CPU.Build.0 = Debug|Any CPU
		{72266339-4836-4FBF-91F6-5DD90B559AEB}.Release|Any CPU.ActiveCfg = Release|Any CPU
		{72266339-4836-4FBF-91F6-5DD90B559AEB}.Release|Any CPU.Build.0 = Release|Any CPU
	EndGlobalSection
	GlobalSection(SolutionProperties) = preSolution
		HideSolutionNode = FALSE
	EndGlobalSection
	GlobalSection(ExtensibilityGlobals) = postSolution
		SolutionGuid = {D928B610-7A20-42E1-A097-370C4A191999}
	EndGlobalSection
EndGlobal
